// !$*UTF8*$!
{
	archiveVersion = 1;
	classes = {
	};
	objectVersion = 56;
	objects = {

/* Begin PBXBuildFile section */
		01056BCC24C613BA0087FD10 /* HIDDriverKit.framework in Frameworks */ = {isa = PBXBuildFile; fileRef = 01056BCB24C613BA0087FD10 /* HIDDriverKit.framework */; };
		7122ED182AA8D6F600B7F38D /* DriverKit.framework in Frameworks */ = {isa = PBXBuildFile; fileRef = 7122ED102AA8D6C500B7F38D /* DriverKit.framework */; };
		7122ED1B2AA8D6F700B7F38D /* HID_Driver.cpp in Sources */ = {isa = PBXBuildFile; fileRef = 7122ED1A2AA8D6F700B7F38D /* HID_Driver.cpp */; };
		7122ED1D2AA8D6F700B7F38D /* HID_Driver.iig in Sources */ = {isa = PBXBuildFile; fileRef = 7122ED1C2AA8D6F700B7F38D /* HID_Driver.iig */; };
		7122ED292AA8DC8500B7F38D /* IOBufferMemoryDescriptorUtility.h in Headers */ = {isa = PBXBuildFile; fileRef = 7122ED282AA8DC8500B7F38D /* IOBufferMemoryDescriptorUtility.h */; };
		7122ED2B2AA8DC9A00B7F38D /* HIDUsageTables.h in Headers */ = {isa = PBXBuildFile; fileRef = 7122ED2A2AA8DC9A00B7F38D /* HIDUsageTables.h */; };
		7122ED2E2AA8DCCE00B7F38D /* HID_UserClient.cpp in Sources */ = {isa = PBXBuildFile; fileRef = 7122ED2C2AA8DCCE00B7F38D /* HID_UserClient.cpp */; };
		7122ED2F2AA8DCCE00B7F38D /* HID_UserClient.iig in Sources */ = {isa = PBXBuildFile; fileRef = 7122ED2D2AA8DCCE00B7F38D /* HID_UserClient.iig */; };
		7167F2ED2AABC2D600E911DB /* HIDWrapper.mm in Sources */ = {isa = PBXBuildFile; fileRef = 7167F2EC2AABC2D600E911DB /* HIDWrapper.mm */; };
		7167F2F02AABC3E000E911DB /* MySwiftClass.swift in Sources */ = {isa = PBXBuildFile; fileRef = 7167F2EF2AABC3E000E911DB /* MySwiftClass.swift */; };
		7171A17B2AA908DD000AA425 /* HID_InstallerApp.swift in Sources */ = {isa = PBXBuildFile; fileRef = 7171A17A2AA908DD000AA425 /* HID_InstallerApp.swift */; };
		7171A17D2AA908DD000AA425 /* ContentView.swift in Sources */ = {isa = PBXBuildFile; fileRef = 7171A17C2AA908DD000AA425 /* ContentView.swift */; };
		7171A17F2AA908DE000AA425 /* Assets.xcassets in Resources */ = {isa = PBXBuildFile; fileRef = 7171A17E2AA908DE000AA425 /* Assets.xcassets */; };
		7171A1822AA908DE000AA425 /* Preview Assets.xcassets in Resources */ = {isa = PBXBuildFile; fileRef = 7171A1812AA908DE000AA425 /* Preview Assets.xcassets */; };
		7171A1872AA9090C000AA425 /* com.sieskei.ROG-HID-Driver.dext in Embed System Extensions */ = {isa = PBXBuildFile; fileRef = 7122ED172AA8D6F600B7F38D /* com.sieskei.ROG-HID-Driver.dext */; settings = {ATTRIBUTES = (RemoveHeadersOnCopy, ); }; };
		7171A18C2AA90975000AA425 /* ExtensionManger.swift in Sources */ = {isa = PBXBuildFile; fileRef = 7171A18B2AA90975000AA425 /* ExtensionManger.swift */; };
		71BEABBC2AA8C686002F34CB /* libkmod.a in Frameworks */ = {isa = PBXBuildFile; fileRef = 71BEABBB2AA8C67C002F34CB /* libkmod.a */; };
		71BEABBF2AA8CEF8002F34CB /* WMI.cpp in Sources */ = {isa = PBXBuildFile; fileRef = 71BEABBD2AA8CEF8002F34CB /* WMI.cpp */; };
		71BEABC02AA8CEF8002F34CB /* WMI.hpp in Headers */ = {isa = PBXBuildFile; fileRef = 71BEABBE2AA8CEF8002F34CB /* WMI.hpp */; };
		71BEABC32AA8CF14002F34CB /* KeyImplementations.cpp in Sources */ = {isa = PBXBuildFile; fileRef = 71BEABC12AA8CF14002F34CB /* KeyImplementations.cpp */; };
		71BEABC42AA8CF14002F34CB /* KeyImplementations.hpp in Headers */ = {isa = PBXBuildFile; fileRef = 71BEABC22AA8CF14002F34CB /* KeyImplementations.hpp */; };
		71BEABC72AA8CF32002F34CB /* WMIUC.cpp in Sources */ = {isa = PBXBuildFile; fileRef = 71BEABC52AA8CF32002F34CB /* WMIUC.cpp */; };
		71BEABC82AA8CF32002F34CB /* WMIUC.hpp in Headers */ = {isa = PBXBuildFile; fileRef = 71BEABC62AA8CF32002F34CB /* WMIUC.hpp */; };
		71E93B002AA9176B003DBB97 /* AppDelegate.swift in Sources */ = {isa = PBXBuildFile; fileRef = 71E93AFF2AA9176B003DBB97 /* AppDelegate.swift */; };
		71E93B022AA9176B003DBB97 /* ViewController.swift in Sources */ = {isa = PBXBuildFile; fileRef = 71E93B012AA9176B003DBB97 /* ViewController.swift */; };
		71E93B042AA9176C003DBB97 /* Assets.xcassets in Resources */ = {isa = PBXBuildFile; fileRef = 71E93B032AA9176C003DBB97 /* Assets.xcassets */; };
		71E93B0D2AA91B2C003DBB97 /* main.swift in Sources */ = {isa = PBXBuildFile; fileRef = 71E93B0C2AA91B2C003DBB97 /* main.swift */; };
		71E93B0F2AA91B94003DBB97 /* StatusBarController.swift in Sources */ = {isa = PBXBuildFile; fileRef = 71E93B0E2AA91B94003DBB97 /* StatusBarController.swift */; };
		71E93B112AA91F59003DBB97 /* WMI.swift in Sources */ = {isa = PBXBuildFile; fileRef = 71E93B102AA91F59003DBB97 /* WMI.swift */; };
/* End PBXBuildFile section */

/* Begin PBXContainerItemProxy section */
		7171A1882AA9090C000AA425 /* PBXContainerItemProxy */ = {
			isa = PBXContainerItemProxy;
			containerPortal = 71D68FFF2AA7D01A00DEA696 /* Project object */;
			proxyType = 1;
			remoteGlobalIDString = 7122ED162AA8D6F600B7F38D;
			remoteInfo = "HID-Driver";
		};
/* End PBXContainerItemProxy section */

/* Begin PBXCopyFilesBuildPhase section */
		7171A18A2AA9090C000AA425 /* Embed System Extensions */ = {
			isa = PBXCopyFilesBuildPhase;
			buildActionMask = 2147483647;
			dstPath = "$(SYSTEM_EXTENSIONS_FOLDER_PATH)";
			dstSubfolderSpec = 16;
			files = (
				7171A1872AA9090C000AA425 /* com.sieskei.ROG-HID-Driver.dext in Embed System Extensions */,
			);
			name = "Embed System Extensions";
			runOnlyForDeploymentPostprocessing = 0;
		};
/* End PBXCopyFilesBuildPhase section */

/* Begin PBXFileReference section */
		01056BCB24C613BA0087FD10 /* HIDDriverKit.framework */ = {isa = PBXFileReference; lastKnownFileType = wrapper.framework; name = HIDDriverKit.framework; path = Platforms/MacOSX.platform/Developer/SDKs/DriverKit19.0.sdk/System/DriverKit/System/Library/Frameworks/HIDDriverKit.framework; sourceTree = DEVELOPER_DIR; };
		7122ED102AA8D6C500B7F38D /* DriverKit.framework */ = {isa = PBXFileReference; lastKnownFileType = wrapper.framework; name = DriverKit.framework; path = System/Library/Frameworks/DriverKit.framework; sourceTree = SDKROOT; };
		7122ED172AA8D6F600B7F38D /* com.sieskei.ROG-HID-Driver.dext */ = {isa = PBXFileReference; explicitFileType = "wrapper.driver-extension"; includeInIndex = 0; path = "com.sieskei.ROG-HID-Driver.dext"; sourceTree = BUILT_PRODUCTS_DIR; };
		7122ED1A2AA8D6F700B7F38D /* HID_Driver.cpp */ = {isa = PBXFileReference; lastKnownFileType = sourcecode.cpp.cpp; path = HID_Driver.cpp; sourceTree = "<group>"; };
		7122ED1C2AA8D6F700B7F38D /* HID_Driver.iig */ = {isa = PBXFileReference; lastKnownFileType = sourcecode.iig; path = HID_Driver.iig; sourceTree = "<group>"; };
		7122ED1E2AA8D6F700B7F38D /* Info.plist */ = {isa = PBXFileReference; lastKnownFileType = text.plist.xml; path = Info.plist; sourceTree = "<group>"; };
		7122ED262AA8D84E00B7F38D /* HID_Driver.entitlements */ = {isa = PBXFileReference; fileEncoding = 4; lastKnownFileType = text.plist.entitlements; path = HID_Driver.entitlements; sourceTree = "<group>"; };
		7122ED282AA8DC8500B7F38D /* IOBufferMemoryDescriptorUtility.h */ = {isa = PBXFileReference; fileEncoding = 4; lastKnownFileType = sourcecode.c.h; path = IOBufferMemoryDescriptorUtility.h; sourceTree = "<group>"; };
		7122ED2A2AA8DC9A00B7F38D /* HIDUsageTables.h */ = {isa = PBXFileReference; fileEncoding = 4; lastKnownFileType = sourcecode.c.h; path = HIDUsageTables.h; sourceTree = "<group>"; };
		7122ED2C2AA8DCCE00B7F38D /* HID_UserClient.cpp */ = {isa = PBXFileReference; fileEncoding = 4; lastKnownFileType = sourcecode.cpp.cpp; path = HID_UserClient.cpp; sourceTree = "<group>"; };
		7122ED2D2AA8DCCE00B7F38D /* HID_UserClient.iig */ = {isa = PBXFileReference; fileEncoding = 4; lastKnownFileType = sourcecode.iig; path = HID_UserClient.iig; sourceTree = "<group>"; };
		7167F2EC2AABC2D600E911DB /* HIDWrapper.mm */ = {isa = PBXFileReference; lastKnownFileType = sourcecode.cpp.objcpp; path = HIDWrapper.mm; sourceTree = "<group>"; };
		7167F2EE2AABC2EE00E911DB /* HIDWrapper.h */ = {isa = PBXFileReference; lastKnownFileType = sourcecode.c.h; path = HIDWrapper.h; sourceTree = "<group>"; };
		7167F2EF2AABC3E000E911DB /* MySwiftClass.swift */ = {isa = PBXFileReference; lastKnownFileType = sourcecode.swift; path = MySwiftClass.swift; sourceTree = "<group>"; };
		7167F2F12AABC49B00E911DB /* Gadget-Bridging-Header.h */ = {isa = PBXFileReference; lastKnownFileType = sourcecode.c.h; path = "Gadget-Bridging-Header.h"; sourceTree = "<group>"; };
		7171A1782AA908DD000AA425 /* HID-Installer.app */ = {isa = PBXFileReference; explicitFileType = wrapper.application; includeInIndex = 0; path = "HID-Installer.app"; sourceTree = BUILT_PRODUCTS_DIR; };
		7171A17A2AA908DD000AA425 /* HID_InstallerApp.swift */ = {isa = PBXFileReference; lastKnownFileType = sourcecode.swift; path = HID_InstallerApp.swift; sourceTree = "<group>"; };
		7171A17C2AA908DD000AA425 /* ContentView.swift */ = {isa = PBXFileReference; lastKnownFileType = sourcecode.swift; path = ContentView.swift; sourceTree = "<group>"; };
		7171A17E2AA908DE000AA425 /* Assets.xcassets */ = {isa = PBXFileReference; lastKnownFileType = folder.assetcatalog; path = Assets.xcassets; sourceTree = "<group>"; };
		7171A1812AA908DE000AA425 /* Preview Assets.xcassets */ = {isa = PBXFileReference; lastKnownFileType = folder.assetcatalog; path = "Preview Assets.xcassets"; sourceTree = "<group>"; };
		7171A1832AA908DE000AA425 /* HID_Installer.entitlements */ = {isa = PBXFileReference; lastKnownFileType = text.plist.entitlements; path = HID_Installer.entitlements; sourceTree = "<group>"; };
		7171A18B2AA90975000AA425 /* ExtensionManger.swift */ = {isa = PBXFileReference; fileEncoding = 4; lastKnownFileType = sourcecode.swift; path = ExtensionManger.swift; sourceTree = "<group>"; };
		71BEABB22AA8C268002F34CB /* WMI.kext */ = {isa = PBXFileReference; explicitFileType = wrapper.cfbundle; includeInIndex = 0; path = WMI.kext; sourceTree = BUILT_PRODUCTS_DIR; };
		71BEABB62AA8C268002F34CB /* Info.plist */ = {isa = PBXFileReference; lastKnownFileType = text.plist.xml; path = Info.plist; sourceTree = "<group>"; };
		71BEABBB2AA8C67C002F34CB /* libkmod.a */ = {isa = PBXFileReference; lastKnownFileType = archive.ar; name = libkmod.a; path = usr/lib/libkmod.a; sourceTree = SDKROOT; };
		71BEABBD2AA8CEF8002F34CB /* WMI.cpp */ = {isa = PBXFileReference; lastKnownFileType = sourcecode.cpp.cpp; path = WMI.cpp; sourceTree = "<group>"; };
		71BEABBE2AA8CEF8002F34CB /* WMI.hpp */ = {isa = PBXFileReference; lastKnownFileType = sourcecode.cpp.h; path = WMI.hpp; sourceTree = "<group>"; };
		71BEABC12AA8CF14002F34CB /* KeyImplementations.cpp */ = {isa = PBXFileReference; lastKnownFileType = sourcecode.cpp.cpp; path = KeyImplementations.cpp; sourceTree = "<group>"; };
		71BEABC22AA8CF14002F34CB /* KeyImplementations.hpp */ = {isa = PBXFileReference; lastKnownFileType = sourcecode.cpp.h; path = KeyImplementations.hpp; sourceTree = "<group>"; };
		71BEABC52AA8CF32002F34CB /* WMIUC.cpp */ = {isa = PBXFileReference; lastKnownFileType = sourcecode.cpp.cpp; path = WMIUC.cpp; sourceTree = "<group>"; };
		71BEABC62AA8CF32002F34CB /* WMIUC.hpp */ = {isa = PBXFileReference; lastKnownFileType = sourcecode.cpp.h; path = WMIUC.hpp; sourceTree = "<group>"; };
		71E93AFD2AA9176B003DBB97 /* ROG-Gadget.app */ = {isa = PBXFileReference; explicitFileType = wrapper.application; includeInIndex = 0; path = "ROG-Gadget.app"; sourceTree = BUILT_PRODUCTS_DIR; };
		71E93AFF2AA9176B003DBB97 /* AppDelegate.swift */ = {isa = PBXFileReference; lastKnownFileType = sourcecode.swift; path = AppDelegate.swift; sourceTree = "<group>"; };
		71E93B012AA9176B003DBB97 /* ViewController.swift */ = {isa = PBXFileReference; lastKnownFileType = sourcecode.swift; path = ViewController.swift; sourceTree = "<group>"; };
		71E93B032AA9176C003DBB97 /* Assets.xcassets */ = {isa = PBXFileReference; lastKnownFileType = folder.assetcatalog; path = Assets.xcassets; sourceTree = "<group>"; };
		71E93B082AA9176C003DBB97 /* Gadget.entitlements */ = {isa = PBXFileReference; lastKnownFileType = text.plist.entitlements; path = Gadget.entitlements; sourceTree = "<group>"; };
		71E93B0C2AA91B2C003DBB97 /* main.swift */ = {isa = PBXFileReference; fileEncoding = 4; lastKnownFileType = sourcecode.swift; path = main.swift; sourceTree = "<group>"; };
		71E93B0E2AA91B94003DBB97 /* StatusBarController.swift */ = {isa = PBXFileReference; fileEncoding = 4; lastKnownFileType = sourcecode.swift; path = StatusBarController.swift; sourceTree = "<group>"; };
		71E93B102AA91F59003DBB97 /* WMI.swift */ = {isa = PBXFileReference; fileEncoding = 4; lastKnownFileType = sourcecode.swift; path = WMI.swift; sourceTree = "<group>"; };
/* End PBXFileReference section */

/* Begin PBXFrameworksBuildPhase section */
		7122ED142AA8D6F600B7F38D /* Frameworks */ = {
			isa = PBXFrameworksBuildPhase;
			buildActionMask = 2147483647;
			files = (
				7122ED182AA8D6F600B7F38D /* DriverKit.framework in Frameworks */,
				01056BCC24C613BA0087FD10 /* HIDDriverKit.framework in Frameworks */,
			);
			runOnlyForDeploymentPostprocessing = 0;
		};
		7171A1752AA908DD000AA425 /* Frameworks */ = {
			isa = PBXFrameworksBuildPhase;
			buildActionMask = 2147483647;
			files = (
			);
			runOnlyForDeploymentPostprocessing = 0;
		};
		71BEABAF2AA8C268002F34CB /* Frameworks */ = {
			isa = PBXFrameworksBuildPhase;
			buildActionMask = 2147483647;
			files = (
				71BEABBC2AA8C686002F34CB /* libkmod.a in Frameworks */,
			);
			runOnlyForDeploymentPostprocessing = 0;
		};
		71E93AFA2AA9176B003DBB97 /* Frameworks */ = {
			isa = PBXFrameworksBuildPhase;
			buildActionMask = 2147483647;
			files = (
			);
			runOnlyForDeploymentPostprocessing = 0;
		};
/* End PBXFrameworksBuildPhase section */

/* Begin PBXGroup section */
		7122ED192AA8D6F700B7F38D /* HID-Driver */ = {
			isa = PBXGroup;
			children = (
				7122ED2A2AA8DC9A00B7F38D /* HIDUsageTables.h */,
				7122ED282AA8DC8500B7F38D /* IOBufferMemoryDescriptorUtility.h */,
				7122ED1A2AA8D6F700B7F38D /* HID_Driver.cpp */,
				7122ED1C2AA8D6F700B7F38D /* HID_Driver.iig */,
				7122ED2C2AA8DCCE00B7F38D /* HID_UserClient.cpp */,
				7122ED2D2AA8DCCE00B7F38D /* HID_UserClient.iig */,
				7122ED1E2AA8D6F700B7F38D /* Info.plist */,
				7122ED262AA8D84E00B7F38D /* HID_Driver.entitlements */,
			);
			path = "HID-Driver";
			sourceTree = "<group>";
		};
		7171A1792AA908DD000AA425 /* HID-Installer */ = {
			isa = PBXGroup;
			children = (
				7171A17A2AA908DD000AA425 /* HID_InstallerApp.swift */,
				7171A17C2AA908DD000AA425 /* ContentView.swift */,
				7171A18B2AA90975000AA425 /* ExtensionManger.swift */,
				7171A1802AA908DE000AA425 /* Preview Content */,
				7171A17E2AA908DE000AA425 /* Assets.xcassets */,
				7171A1832AA908DE000AA425 /* HID_Installer.entitlements */,
			);
			path = "HID-Installer";
			sourceTree = "<group>";
		};
		7171A1802AA908DE000AA425 /* Preview Content */ = {
			isa = PBXGroup;
			children = (
				7171A1812AA908DE000AA425 /* Preview Assets.xcassets */,
			);
			path = "Preview Content";
			sourceTree = "<group>";
		};
		71856EB92AAE41EE004A1DD9 /* HID */ = {
			isa = PBXGroup;
			children = (
				7167F2EE2AABC2EE00E911DB /* HIDWrapper.h */,
				7167F2EC2AABC2D600E911DB /* HIDWrapper.mm */,
				7167F2EF2AABC3E000E911DB /* MySwiftClass.swift */,
			);
			path = HID;
			sourceTree = "<group>";
		};
		71BEABB32AA8C268002F34CB /* WMI */ = {
			isa = PBXGroup;
			children = (
				71BEABB62AA8C268002F34CB /* Info.plist */,
				71BEABBD2AA8CEF8002F34CB /* WMI.cpp */,
				71BEABBE2AA8CEF8002F34CB /* WMI.hpp */,
				71BEABC12AA8CF14002F34CB /* KeyImplementations.cpp */,
				71BEABC22AA8CF14002F34CB /* KeyImplementations.hpp */,
				71BEABC52AA8CF32002F34CB /* WMIUC.cpp */,
				71BEABC62AA8CF32002F34CB /* WMIUC.hpp */,
			);
			path = WMI;
			sourceTree = "<group>";
		};
		71BEABBA2AA8C67C002F34CB /* Frameworks */ = {
			isa = PBXGroup;
			children = (
				7122ED102AA8D6C500B7F38D /* DriverKit.framework */,
				01056BCB24C613BA0087FD10 /* HIDDriverKit.framework */,
				71BEABBB2AA8C67C002F34CB /* libkmod.a */,
			);
			name = Frameworks;
			sourceTree = "<group>";
		};
		71D68FFE2AA7D01A00DEA696 = {
			isa = PBXGroup;
			children = (
				71BEABB32AA8C268002F34CB /* WMI */,
				7122ED192AA8D6F700B7F38D /* HID-Driver */,
				7171A1792AA908DD000AA425 /* HID-Installer */,
				71E93AFE2AA9176B003DBB97 /* Gadget */,
				71D6900B2AA7D22B00DEA696 /* Products */,
				71BEABBA2AA8C67C002F34CB /* Frameworks */,
			);
			sourceTree = "<group>";
		};
		71D6900B2AA7D22B00DEA696 /* Products */ = {
			isa = PBXGroup;
			children = (
				71BEABB22AA8C268002F34CB /* WMI.kext */,
				7122ED172AA8D6F600B7F38D /* com.sieskei.ROG-HID-Driver.dext */,
				7171A1782AA908DD000AA425 /* HID-Installer.app */,
				71E93AFD2AA9176B003DBB97 /* ROG-Gadget.app */,
			);
			name = Products;
			sourceTree = "<group>";
		};
		71E93AFE2AA9176B003DBB97 /* Gadget */ = {
			isa = PBXGroup;
			children = (
				71E93B102AA91F59003DBB97 /* WMI.swift */,
				71856EB92AAE41EE004A1DD9 /* HID */,
				71E93B0C2AA91B2C003DBB97 /* main.swift */,
				71E93AFF2AA9176B003DBB97 /* AppDelegate.swift */,
				71E93B012AA9176B003DBB97 /* ViewController.swift */,
				71E93B0E2AA91B94003DBB97 /* StatusBarController.swift */,
				7167F2F12AABC49B00E911DB /* Gadget-Bridging-Header.h */,
				71E93B082AA9176C003DBB97 /* Gadget.entitlements */,
				71E93B032AA9176C003DBB97 /* Assets.xcassets */,
			);
			path = Gadget;
			sourceTree = "<group>";
		};
/* End PBXGroup section */

/* Begin PBXHeadersBuildPhase section */
		7122ED122AA8D6F600B7F38D /* Headers */ = {
			isa = PBXHeadersBuildPhase;
			buildActionMask = 2147483647;
			files = (
				7122ED292AA8DC8500B7F38D /* IOBufferMemoryDescriptorUtility.h in Headers */,
				7122ED2B2AA8DC9A00B7F38D /* HIDUsageTables.h in Headers */,
			);
			runOnlyForDeploymentPostprocessing = 0;
		};
		71BEABAD2AA8C268002F34CB /* Headers */ = {
			isa = PBXHeadersBuildPhase;
			buildActionMask = 2147483647;
			files = (
				71BEABC82AA8CF32002F34CB /* WMIUC.hpp in Headers */,
				71BEABC42AA8CF14002F34CB /* KeyImplementations.hpp in Headers */,
				71BEABC02AA8CEF8002F34CB /* WMI.hpp in Headers */,
			);
			runOnlyForDeploymentPostprocessing = 0;
		};
/* End PBXHeadersBuildPhase section */

/* Begin PBXNativeTarget section */
		7122ED162AA8D6F600B7F38D /* HID-Driver */ = {
			isa = PBXNativeTarget;
			buildConfigurationList = 7122ED222AA8D6F700B7F38D /* Build configuration list for PBXNativeTarget "HID-Driver" */;
			buildPhases = (
				7122ED122AA8D6F600B7F38D /* Headers */,
				7122ED132AA8D6F600B7F38D /* Sources */,
				7122ED142AA8D6F600B7F38D /* Frameworks */,
				7122ED152AA8D6F600B7F38D /* Resources */,
			);
			buildRules = (
			);
			dependencies = (
			);
			name = "HID-Driver";
			productName = "HID-Driver";
			productReference = 7122ED172AA8D6F600B7F38D /* com.sieskei.ROG-HID-Driver.dext */;
			productType = "com.apple.product-type.driver-extension";
		};
		7171A1772AA908DD000AA425 /* HID-Installer */ = {
			isa = PBXNativeTarget;
			buildConfigurationList = 7171A1862AA908DE000AA425 /* Build configuration list for PBXNativeTarget "HID-Installer" */;
			buildPhases = (
				7171A1742AA908DD000AA425 /* Sources */,
				7171A1752AA908DD000AA425 /* Frameworks */,
				7171A1762AA908DD000AA425 /* Resources */,
				7171A18A2AA9090C000AA425 /* Embed System Extensions */,
			);
			buildRules = (
			);
			dependencies = (
				7171A1892AA9090C000AA425 /* PBXTargetDependency */,
			);
			name = "HID-Installer";
			productName = "HID-Installer";
			productReference = 7171A1782AA908DD000AA425 /* HID-Installer.app */;
			productType = "com.apple.product-type.application";
		};
		71BEABB12AA8C268002F34CB /* WMI */ = {
			isa = PBXNativeTarget;
			buildConfigurationList = 71BEABB92AA8C268002F34CB /* Build configuration list for PBXNativeTarget "WMI" */;
			buildPhases = (
				71BEABAD2AA8C268002F34CB /* Headers */,
				71BEABAE2AA8C268002F34CB /* Sources */,
				71BEABAF2AA8C268002F34CB /* Frameworks */,
				71BEABB02AA8C268002F34CB /* Resources */,
			);
			buildRules = (
			);
			dependencies = (
			);
			name = WMI;
			productName = WMI;
			productReference = 71BEABB22AA8C268002F34CB /* WMI.kext */;
			productType = "com.apple.product-type.kernel-extension";
		};
		71E93AFC2AA9176B003DBB97 /* Gadget */ = {
			isa = PBXNativeTarget;
			buildConfigurationList = 71E93B0B2AA9176C003DBB97 /* Build configuration list for PBXNativeTarget "Gadget" */;
			buildPhases = (
				71E93AF92AA9176B003DBB97 /* Sources */,
				71E93AFA2AA9176B003DBB97 /* Frameworks */,
				71E93AFB2AA9176B003DBB97 /* Resources */,
			);
			buildRules = (
			);
			dependencies = (
			);
			name = Gadget;
			productName = Gadget;
			productReference = 71E93AFD2AA9176B003DBB97 /* ROG-Gadget.app */;
			productType = "com.apple.product-type.application";
		};
/* End PBXNativeTarget section */

/* Begin PBXProject section */
		71D68FFF2AA7D01A00DEA696 /* Project object */ = {
			isa = PBXProject;
			attributes = {
				BuildIndependentTargetsInParallel = 1;
				LastSwiftUpdateCheck = 1430;
				LastUpgradeCheck = 1430;
				TargetAttributes = {
					7122ED162AA8D6F600B7F38D = {
						CreatedOnToolsVersion = 14.3.1;
					};
					7171A1772AA908DD000AA425 = {
						CreatedOnToolsVersion = 14.3.1;
					};
					71BEABB12AA8C268002F34CB = {
						CreatedOnToolsVersion = 14.3.1;
					};
					71E93AFC2AA9176B003DBB97 = {
						CreatedOnToolsVersion = 14.3.1;
						LastSwiftMigration = 1430;
					};
				};
			};
			buildConfigurationList = 71D690022AA7D01A00DEA696 /* Build configuration list for PBXProject "ROG" */;
			compatibilityVersion = "Xcode 14.0";
			developmentRegion = en;
			hasScannedForEncodings = 0;
			knownRegions = (
				en,
				Base,
			);
			mainGroup = 71D68FFE2AA7D01A00DEA696;
			productRefGroup = 71D6900B2AA7D22B00DEA696 /* Products */;
			projectDirPath = "";
			projectRoot = "";
			targets = (
				71BEABB12AA8C268002F34CB /* WMI */,
				7122ED162AA8D6F600B7F38D /* HID-Driver */,
				7171A1772AA908DD000AA425 /* HID-Installer */,
				71E93AFC2AA9176B003DBB97 /* Gadget */,
			);
		};
/* End PBXProject section */

/* Begin PBXResourcesBuildPhase section */
		7122ED152AA8D6F600B7F38D /* Resources */ = {
			isa = PBXResourcesBuildPhase;
			buildActionMask = 2147483647;
			files = (
			);
			runOnlyForDeploymentPostprocessing = 0;
		};
		7171A1762AA908DD000AA425 /* Resources */ = {
			isa = PBXResourcesBuildPhase;
			buildActionMask = 2147483647;
			files = (
				7171A1822AA908DE000AA425 /* Preview Assets.xcassets in Resources */,
				7171A17F2AA908DE000AA425 /* Assets.xcassets in Resources */,
			);
			runOnlyForDeploymentPostprocessing = 0;
		};
		71BEABB02AA8C268002F34CB /* Resources */ = {
			isa = PBXResourcesBuildPhase;
			buildActionMask = 2147483647;
			files = (
			);
			runOnlyForDeploymentPostprocessing = 0;
		};
		71E93AFB2AA9176B003DBB97 /* Resources */ = {
			isa = PBXResourcesBuildPhase;
			buildActionMask = 2147483647;
			files = (
				71E93B042AA9176C003DBB97 /* Assets.xcassets in Resources */,
			);
			runOnlyForDeploymentPostprocessing = 0;
		};
/* End PBXResourcesBuildPhase section */

/* Begin PBXSourcesBuildPhase section */
		7122ED132AA8D6F600B7F38D /* Sources */ = {
			isa = PBXSourcesBuildPhase;
			buildActionMask = 2147483647;
			files = (
				7122ED1B2AA8D6F700B7F38D /* HID_Driver.cpp in Sources */,
				7122ED1D2AA8D6F700B7F38D /* HID_Driver.iig in Sources */,
				7122ED2E2AA8DCCE00B7F38D /* HID_UserClient.cpp in Sources */,
				7122ED2F2AA8DCCE00B7F38D /* HID_UserClient.iig in Sources */,
			);
			runOnlyForDeploymentPostprocessing = 0;
		};
		7171A1742AA908DD000AA425 /* Sources */ = {
			isa = PBXSourcesBuildPhase;
			buildActionMask = 2147483647;
			files = (
				7171A18C2AA90975000AA425 /* ExtensionManger.swift in Sources */,
				7171A17D2AA908DD000AA425 /* ContentView.swift in Sources */,
				7171A17B2AA908DD000AA425 /* HID_InstallerApp.swift in Sources */,
			);
			runOnlyForDeploymentPostprocessing = 0;
		};
		71BEABAE2AA8C268002F34CB /* Sources */ = {
			isa = PBXSourcesBuildPhase;
			buildActionMask = 2147483647;
			files = (
				71BEABC72AA8CF32002F34CB /* WMIUC.cpp in Sources */,
				71BEABBF2AA8CEF8002F34CB /* WMI.cpp in Sources */,
				71BEABC32AA8CF14002F34CB /* KeyImplementations.cpp in Sources */,
			);
			runOnlyForDeploymentPostprocessing = 0;
		};
		71E93AF92AA9176B003DBB97 /* Sources */ = {
			isa = PBXSourcesBuildPhase;
			buildActionMask = 2147483647;
			files = (
				71E93B022AA9176B003DBB97 /* ViewController.swift in Sources */,
				71E93B0F2AA91B94003DBB97 /* StatusBarController.swift in Sources */,
				71E93B002AA9176B003DBB97 /* AppDelegate.swift in Sources */,
				7167F2ED2AABC2D600E911DB /* HIDWrapper.mm in Sources */,
				7167F2F02AABC3E000E911DB /* MySwiftClass.swift in Sources */,
				71E93B112AA91F59003DBB97 /* WMI.swift in Sources */,
				71E93B0D2AA91B2C003DBB97 /* main.swift in Sources */,
			);
			runOnlyForDeploymentPostprocessing = 0;
		};
/* End PBXSourcesBuildPhase section */

/* Begin PBXTargetDependency section */
		7171A1892AA9090C000AA425 /* PBXTargetDependency */ = {
			isa = PBXTargetDependency;
			target = 7122ED162AA8D6F600B7F38D /* HID-Driver */;
			targetProxy = 7171A1882AA9090C000AA425 /* PBXContainerItemProxy */;
		};
/* End PBXTargetDependency section */

/* Begin XCBuildConfiguration section */
		7122ED232AA8D6F700B7F38D /* Debug */ = {
			isa = XCBuildConfiguration;
			buildSettings = {
				ALWAYS_SEARCH_USER_PATHS = NO;
				CLANG_ANALYZER_DEADCODE_DEADSTORES = NO;
				CLANG_ANALYZER_NONNULL = YES;
				CLANG_ANALYZER_NUMBER_OBJECT_CONVERSION = YES_AGGRESSIVE;
				CLANG_CXX_LANGUAGE_STANDARD = "gnu++17";
				CLANG_CXX_LIBRARY = "libc++";
				CLANG_ENABLE_MODULES = YES;
				CLANG_ENABLE_OBJC_ARC = YES;
				CLANG_ENABLE_OBJC_WEAK = YES;
				CLANG_WARN_BLOCK_CAPTURE_AUTORELEASING = YES;
				CLANG_WARN_BOOL_CONVERSION = YES;
				CLANG_WARN_COMMA = YES;
				CLANG_WARN_CONSTANT_CONVERSION = YES;
				CLANG_WARN_DEPRECATED_OBJC_IMPLEMENTATIONS = YES;
				CLANG_WARN_DIRECT_OBJC_ISA_USAGE = YES_ERROR;
				CLANG_WARN_DOCUMENTATION_COMMENTS = YES;
				CLANG_WARN_EMPTY_BODY = YES;
				CLANG_WARN_ENUM_CONVERSION = YES;
				CLANG_WARN_INFINITE_RECURSION = YES;
				CLANG_WARN_INT_CONVERSION = YES;
				CLANG_WARN_NON_LITERAL_NULL_CONVERSION = YES;
				CLANG_WARN_OBJC_IMPLICIT_RETAIN_SELF = YES;
				CLANG_WARN_OBJC_LITERAL_CONVERSION = YES;
				CLANG_WARN_OBJC_ROOT_CLASS = YES_ERROR;
				CLANG_WARN_QUOTED_INCLUDE_IN_FRAMEWORK_HEADER = YES;
				CLANG_WARN_RANGE_LOOP_ANALYSIS = YES;
				CLANG_WARN_STRICT_PROTOTYPES = YES;
				CLANG_WARN_SUSPICIOUS_MOVE = YES;
				CLANG_WARN_UNGUARDED_AVAILABILITY = YES_AGGRESSIVE;
				CLANG_WARN_UNREACHABLE_CODE = YES;
				CLANG_WARN__DUPLICATE_METHOD_MATCH = YES;
				CODE_SIGN_ENTITLEMENTS = "HID-Driver/HID_Driver.entitlements";
				CODE_SIGN_IDENTITY = "Apple Development";
				CODE_SIGN_INJECT_BASE_ENTITLEMENTS = NO;
				CODE_SIGN_STYLE = Automatic;
				COPY_PHASE_STRIP = NO;
				CURRENT_PROJECT_VERSION = 1;
				DEBUG_INFORMATION_FORMAT = dwarf;
				DEVELOPMENT_TEAM = 5AM8W58V2L;
				DRIVERKIT_DEPLOYMENT_TARGET = 19.6;
				ENABLE_STRICT_OBJC_MSGSEND = YES;
				ENABLE_TESTABILITY = YES;
				FRAMEWORK_SEARCH_PATHS = (
					"$(inherited)",
					"$(SDKROOT)/System/DriverKit/System/Library/Frameworks",
				);
				GCC_C_LANGUAGE_STANDARD = gnu11;
				GCC_DYNAMIC_NO_PIC = NO;
				GCC_NO_COMMON_BLOCKS = YES;
				GCC_OPTIMIZATION_LEVEL = 0;
				GCC_PREPROCESSOR_DEFINITIONS = (
					"DEBUG=1",
					"$(inherited)",
				);
				GCC_WARN_64_TO_32_BIT_CONVERSION = YES;
				GCC_WARN_ABOUT_RETURN_TYPE = YES_ERROR;
				GCC_WARN_UNDECLARED_SELECTOR = YES;
				GCC_WARN_UNINITIALIZED_AUTOS = YES_AGGRESSIVE;
				GCC_WARN_UNUSED_FUNCTION = YES;
				GCC_WARN_UNUSED_VARIABLE = YES;
				GENERATE_INFOPLIST_FILE = NO;
				INFOPLIST_FILE = "HID-Driver/Info.plist";
				INFOPLIST_KEY_OSBundleUsageDescription = "";
				MACOSX_DEPLOYMENT_TARGET = 10.15;
				MARKETING_VERSION = 1.0;
				MTL_ENABLE_DEBUG_INFO = INCLUDE_SOURCE;
				MTL_FAST_MATH = YES;
				ONLY_ACTIVE_ARCH = YES;
				PRODUCT_BUNDLE_IDENTIFIER = "com.sieskei.ROG-HID-Driver";
				PRODUCT_NAME = "$(inherited)";
				PROVISIONING_PROFILE_SPECIFIER = "";
				RUN_CLANG_STATIC_ANALYZER = YES;
				SDKROOT = driverkit;
				SKIP_INSTALL = YES;
				SWIFT_ACTIVE_COMPILATION_CONDITIONS = DEBUG;
				SWIFT_COMPILATION_MODE = singlefile;
				SWIFT_EMIT_LOC_STRINGS = NO;
				SWIFT_OPTIMIZATION_LEVEL = "-Onone";
			};
			name = Debug;
		};
		7122ED242AA8D6F700B7F38D /* Release */ = {
			isa = XCBuildConfiguration;
			buildSettings = {
				ALWAYS_SEARCH_USER_PATHS = NO;
				CLANG_ANALYZER_NONNULL = YES;
				CLANG_ANALYZER_NUMBER_OBJECT_CONVERSION = YES_AGGRESSIVE;
				CLANG_CXX_LANGUAGE_STANDARD = "gnu++17";
				CLANG_CXX_LIBRARY = "libc++";
				CLANG_ENABLE_MODULES = YES;
				CLANG_ENABLE_OBJC_ARC = YES;
				CLANG_ENABLE_OBJC_WEAK = YES;
				CLANG_WARN_BLOCK_CAPTURE_AUTORELEASING = YES;
				CLANG_WARN_BOOL_CONVERSION = YES;
				CLANG_WARN_COMMA = YES;
				CLANG_WARN_CONSTANT_CONVERSION = YES;
				CLANG_WARN_DEPRECATED_OBJC_IMPLEMENTATIONS = YES;
				CLANG_WARN_DIRECT_OBJC_ISA_USAGE = YES_ERROR;
				CLANG_WARN_DOCUMENTATION_COMMENTS = YES;
				CLANG_WARN_EMPTY_BODY = YES;
				CLANG_WARN_ENUM_CONVERSION = YES;
				CLANG_WARN_INFINITE_RECURSION = YES;
				CLANG_WARN_INT_CONVERSION = YES;
				CLANG_WARN_NON_LITERAL_NULL_CONVERSION = YES;
				CLANG_WARN_OBJC_IMPLICIT_RETAIN_SELF = YES;
				CLANG_WARN_OBJC_LITERAL_CONVERSION = YES;
				CLANG_WARN_OBJC_ROOT_CLASS = YES_ERROR;
				CLANG_WARN_QUOTED_INCLUDE_IN_FRAMEWORK_HEADER = YES;
				CLANG_WARN_RANGE_LOOP_ANALYSIS = YES;
				CLANG_WARN_STRICT_PROTOTYPES = YES;
				CLANG_WARN_SUSPICIOUS_MOVE = YES;
				CLANG_WARN_UNGUARDED_AVAILABILITY = YES_AGGRESSIVE;
				CLANG_WARN_UNREACHABLE_CODE = YES;
				CLANG_WARN__DUPLICATE_METHOD_MATCH = YES;
				CODE_SIGN_ENTITLEMENTS = "HID-Driver/HID_Driver.entitlements";
				CODE_SIGN_IDENTITY = "Apple Development";
				CODE_SIGN_INJECT_BASE_ENTITLEMENTS = NO;
				CODE_SIGN_STYLE = Automatic;
				COPY_PHASE_STRIP = NO;
				CURRENT_PROJECT_VERSION = 1;
				DEBUG_INFORMATION_FORMAT = "dwarf-with-dsym";
				DEVELOPMENT_TEAM = 5AM8W58V2L;
				DRIVERKIT_DEPLOYMENT_TARGET = 19.6;
				ENABLE_NS_ASSERTIONS = NO;
				ENABLE_STRICT_OBJC_MSGSEND = YES;
				FRAMEWORK_SEARCH_PATHS = (
					"$(inherited)",
					"$(SDKROOT)/System/DriverKit/System/Library/Frameworks",
				);
				GCC_C_LANGUAGE_STANDARD = gnu11;
				GCC_NO_COMMON_BLOCKS = YES;
				GCC_WARN_64_TO_32_BIT_CONVERSION = YES;
				GCC_WARN_ABOUT_RETURN_TYPE = YES_ERROR;
				GCC_WARN_UNDECLARED_SELECTOR = YES;
				GCC_WARN_UNINITIALIZED_AUTOS = YES_AGGRESSIVE;
				GCC_WARN_UNUSED_FUNCTION = YES;
				GCC_WARN_UNUSED_VARIABLE = YES;
				GENERATE_INFOPLIST_FILE = NO;
				INFOPLIST_FILE = "HID-Driver/Info.plist";
				INFOPLIST_KEY_OSBundleUsageDescription = "";
				MACOSX_DEPLOYMENT_TARGET = 10.15;
				MARKETING_VERSION = 1.0;
				MTL_ENABLE_DEBUG_INFO = NO;
				MTL_FAST_MATH = YES;
				PRODUCT_BUNDLE_IDENTIFIER = "com.sieskei.ROG-HID-Driver";
				PRODUCT_NAME = "$(inherited)";
				PROVISIONING_PROFILE_SPECIFIER = "";
				RUN_CLANG_STATIC_ANALYZER = YES;
				SDKROOT = driverkit;
				SKIP_INSTALL = YES;
				SWIFT_ACTIVE_COMPILATION_CONDITIONS = "";
				SWIFT_COMPILATION_MODE = wholemodule;
				SWIFT_EMIT_LOC_STRINGS = NO;
				SWIFT_OPTIMIZATION_LEVEL = "-O";
			};
			name = Release;
		};
		7171A1842AA908DE000AA425 /* Debug */ = {
			isa = XCBuildConfiguration;
			buildSettings = {
				ALWAYS_SEARCH_USER_PATHS = NO;
				ASSETCATALOG_COMPILER_APPICON_NAME = AppIcon;
				ASSETCATALOG_COMPILER_GLOBAL_ACCENT_COLOR_NAME = AccentColor;
				CLANG_ANALYZER_NONNULL = YES;
				CLANG_ANALYZER_NUMBER_OBJECT_CONVERSION = YES_AGGRESSIVE;
				CLANG_CXX_LANGUAGE_STANDARD = "gnu++20";
				CLANG_ENABLE_MODULES = YES;
				CLANG_ENABLE_OBJC_ARC = YES;
				CLANG_ENABLE_OBJC_WEAK = YES;
				CLANG_WARN_BLOCK_CAPTURE_AUTORELEASING = YES;
				CLANG_WARN_BOOL_CONVERSION = YES;
				CLANG_WARN_COMMA = YES;
				CLANG_WARN_CONSTANT_CONVERSION = YES;
				CLANG_WARN_DEPRECATED_OBJC_IMPLEMENTATIONS = YES;
				CLANG_WARN_DIRECT_OBJC_ISA_USAGE = YES_ERROR;
				CLANG_WARN_DOCUMENTATION_COMMENTS = YES;
				CLANG_WARN_EMPTY_BODY = YES;
				CLANG_WARN_ENUM_CONVERSION = YES;
				CLANG_WARN_INFINITE_RECURSION = YES;
				CLANG_WARN_INT_CONVERSION = YES;
				CLANG_WARN_NON_LITERAL_NULL_CONVERSION = YES;
				CLANG_WARN_OBJC_IMPLICIT_RETAIN_SELF = YES;
				CLANG_WARN_OBJC_LITERAL_CONVERSION = YES;
				CLANG_WARN_OBJC_ROOT_CLASS = YES_ERROR;
				CLANG_WARN_QUOTED_INCLUDE_IN_FRAMEWORK_HEADER = YES;
				CLANG_WARN_RANGE_LOOP_ANALYSIS = YES;
				CLANG_WARN_STRICT_PROTOTYPES = YES;
				CLANG_WARN_SUSPICIOUS_MOVE = YES;
				CLANG_WARN_UNGUARDED_AVAILABILITY = YES_AGGRESSIVE;
				CLANG_WARN_UNREACHABLE_CODE = YES;
				CLANG_WARN__DUPLICATE_METHOD_MATCH = YES;
				CODE_SIGN_ENTITLEMENTS = "HID-Installer/HID_Installer.entitlements";
				CODE_SIGN_STYLE = Automatic;
				COMBINE_HIDPI_IMAGES = YES;
				COPY_PHASE_STRIP = NO;
				CURRENT_PROJECT_VERSION = 1;
				DEBUG_INFORMATION_FORMAT = dwarf;
				DEVELOPMENT_ASSET_PATHS = "\"HID-Installer/Preview Content\"";
				DEVELOPMENT_TEAM = 5AM8W58V2L;
				ENABLE_PREVIEWS = YES;
				ENABLE_STRICT_OBJC_MSGSEND = YES;
				ENABLE_TESTABILITY = YES;
				GCC_C_LANGUAGE_STANDARD = gnu11;
				GCC_DYNAMIC_NO_PIC = NO;
				GCC_NO_COMMON_BLOCKS = YES;
				GCC_OPTIMIZATION_LEVEL = 0;
				GCC_PREPROCESSOR_DEFINITIONS = (
					"DEBUG=1",
					"$(inherited)",
				);
				GCC_WARN_64_TO_32_BIT_CONVERSION = YES;
				GCC_WARN_ABOUT_RETURN_TYPE = YES_ERROR;
				GCC_WARN_UNDECLARED_SELECTOR = YES;
				GCC_WARN_UNINITIALIZED_AUTOS = YES_AGGRESSIVE;
				GCC_WARN_UNUSED_FUNCTION = YES;
				GCC_WARN_UNUSED_VARIABLE = YES;
				GENERATE_INFOPLIST_FILE = YES;
				INFOPLIST_KEY_NSHumanReadableCopyright = "";
				LD_RUNPATH_SEARCH_PATHS = (
					"$(inherited)",
					"@executable_path/../Frameworks",
				);
				MACOSX_DEPLOYMENT_TARGET = 13.0;
				MARKETING_VERSION = 1.0;
				MTL_ENABLE_DEBUG_INFO = INCLUDE_SOURCE;
				MTL_FAST_MATH = YES;
				ONLY_ACTIVE_ARCH = YES;
				PRODUCT_BUNDLE_IDENTIFIER = "com.sieskei.ROG-HID";
				PRODUCT_NAME = "$(TARGET_NAME)";
				SDKROOT = macosx;
				SWIFT_ACTIVE_COMPILATION_CONDITIONS = DEBUG;
				SWIFT_EMIT_LOC_STRINGS = YES;
				SWIFT_OPTIMIZATION_LEVEL = "-Onone";
				SWIFT_VERSION = 5.0;
			};
			name = Debug;
		};
		7171A1852AA908DE000AA425 /* Release */ = {
			isa = XCBuildConfiguration;
			buildSettings = {
				ALWAYS_SEARCH_USER_PATHS = NO;
				ASSETCATALOG_COMPILER_APPICON_NAME = AppIcon;
				ASSETCATALOG_COMPILER_GLOBAL_ACCENT_COLOR_NAME = AccentColor;
				CLANG_ANALYZER_NONNULL = YES;
				CLANG_ANALYZER_NUMBER_OBJECT_CONVERSION = YES_AGGRESSIVE;
				CLANG_CXX_LANGUAGE_STANDARD = "gnu++20";
				CLANG_ENABLE_MODULES = YES;
				CLANG_ENABLE_OBJC_ARC = YES;
				CLANG_ENABLE_OBJC_WEAK = YES;
				CLANG_WARN_BLOCK_CAPTURE_AUTORELEASING = YES;
				CLANG_WARN_BOOL_CONVERSION = YES;
				CLANG_WARN_COMMA = YES;
				CLANG_WARN_CONSTANT_CONVERSION = YES;
				CLANG_WARN_DEPRECATED_OBJC_IMPLEMENTATIONS = YES;
				CLANG_WARN_DIRECT_OBJC_ISA_USAGE = YES_ERROR;
				CLANG_WARN_DOCUMENTATION_COMMENTS = YES;
				CLANG_WARN_EMPTY_BODY = YES;
				CLANG_WARN_ENUM_CONVERSION = YES;
				CLANG_WARN_INFINITE_RECURSION = YES;
				CLANG_WARN_INT_CONVERSION = YES;
				CLANG_WARN_NON_LITERAL_NULL_CONVERSION = YES;
				CLANG_WARN_OBJC_IMPLICIT_RETAIN_SELF = YES;
				CLANG_WARN_OBJC_LITERAL_CONVERSION = YES;
				CLANG_WARN_OBJC_ROOT_CLASS = YES_ERROR;
				CLANG_WARN_QUOTED_INCLUDE_IN_FRAMEWORK_HEADER = YES;
				CLANG_WARN_RANGE_LOOP_ANALYSIS = YES;
				CLANG_WARN_STRICT_PROTOTYPES = YES;
				CLANG_WARN_SUSPICIOUS_MOVE = YES;
				CLANG_WARN_UNGUARDED_AVAILABILITY = YES_AGGRESSIVE;
				CLANG_WARN_UNREACHABLE_CODE = YES;
				CLANG_WARN__DUPLICATE_METHOD_MATCH = YES;
				CODE_SIGN_ENTITLEMENTS = "HID-Installer/HID_Installer.entitlements";
				CODE_SIGN_STYLE = Automatic;
				COMBINE_HIDPI_IMAGES = YES;
				COPY_PHASE_STRIP = NO;
				CURRENT_PROJECT_VERSION = 1;
				DEBUG_INFORMATION_FORMAT = "dwarf-with-dsym";
				DEVELOPMENT_ASSET_PATHS = "\"HID-Installer/Preview Content\"";
				DEVELOPMENT_TEAM = 5AM8W58V2L;
				ENABLE_NS_ASSERTIONS = NO;
				ENABLE_PREVIEWS = YES;
				ENABLE_STRICT_OBJC_MSGSEND = YES;
				GCC_C_LANGUAGE_STANDARD = gnu11;
				GCC_NO_COMMON_BLOCKS = YES;
				GCC_WARN_64_TO_32_BIT_CONVERSION = YES;
				GCC_WARN_ABOUT_RETURN_TYPE = YES_ERROR;
				GCC_WARN_UNDECLARED_SELECTOR = YES;
				GCC_WARN_UNINITIALIZED_AUTOS = YES_AGGRESSIVE;
				GCC_WARN_UNUSED_FUNCTION = YES;
				GCC_WARN_UNUSED_VARIABLE = YES;
				GENERATE_INFOPLIST_FILE = YES;
				INFOPLIST_KEY_NSHumanReadableCopyright = "";
				LD_RUNPATH_SEARCH_PATHS = (
					"$(inherited)",
					"@executable_path/../Frameworks",
				);
				MACOSX_DEPLOYMENT_TARGET = 13.0;
				MARKETING_VERSION = 1.0;
				MTL_ENABLE_DEBUG_INFO = NO;
				MTL_FAST_MATH = YES;
				PRODUCT_BUNDLE_IDENTIFIER = "com.sieskei.ROG-HID";
				PRODUCT_NAME = "$(TARGET_NAME)";
				SDKROOT = macosx;
				SWIFT_COMPILATION_MODE = wholemodule;
				SWIFT_EMIT_LOC_STRINGS = YES;
				SWIFT_OPTIMIZATION_LEVEL = "-O";
				SWIFT_VERSION = 5.0;
			};
			name = Release;
		};
		71BEABB72AA8C268002F34CB /* Debug */ = {
			isa = XCBuildConfiguration;
			buildSettings = {
				ALWAYS_SEARCH_USER_PATHS = NO;
				ARCHS = x86_64;
				CLANG_ANALYZER_NONNULL = YES;
				CLANG_ANALYZER_NUMBER_OBJECT_CONVERSION = YES_AGGRESSIVE;
				CLANG_CXX_LANGUAGE_STANDARD = "gnu++20";
				CLANG_CXX_LIBRARY = "libc++";
				CLANG_ENABLE_MODULES = YES;
				CLANG_ENABLE_OBJC_ARC = YES;
				CLANG_ENABLE_OBJC_WEAK = YES;
				CLANG_WARN_BLOCK_CAPTURE_AUTORELEASING = YES;
				CLANG_WARN_BOOL_CONVERSION = YES;
				CLANG_WARN_COMMA = YES;
				CLANG_WARN_CONSTANT_CONVERSION = YES;
				CLANG_WARN_DEPRECATED_OBJC_IMPLEMENTATIONS = YES;
				CLANG_WARN_DIRECT_OBJC_ISA_USAGE = YES_ERROR;
				CLANG_WARN_DOCUMENTATION_COMMENTS = YES;
				CLANG_WARN_EMPTY_BODY = YES;
				CLANG_WARN_ENUM_CONVERSION = YES;
				CLANG_WARN_INFINITE_RECURSION = YES;
				CLANG_WARN_INT_CONVERSION = YES;
				CLANG_WARN_NON_LITERAL_NULL_CONVERSION = YES;
				CLANG_WARN_OBJC_IMPLICIT_RETAIN_SELF = YES;
				CLANG_WARN_OBJC_LITERAL_CONVERSION = YES;
				CLANG_WARN_OBJC_ROOT_CLASS = YES_ERROR;
				CLANG_WARN_QUOTED_INCLUDE_IN_FRAMEWORK_HEADER = YES;
				CLANG_WARN_RANGE_LOOP_ANALYSIS = YES;
				CLANG_WARN_STRICT_PROTOTYPES = YES;
				CLANG_WARN_SUSPICIOUS_MOVE = YES;
				CLANG_WARN_UNGUARDED_AVAILABILITY = YES_AGGRESSIVE;
				CLANG_WARN_UNREACHABLE_CODE = YES;
				CLANG_WARN__DUPLICATE_METHOD_MATCH = YES;
				"CODE_SIGN_IDENTITY[sdk=macosx*]" = "-";
				CODE_SIGN_STYLE = Manual;
				COPY_PHASE_STRIP = NO;
				CURRENT_PROJECT_VERSION = 1;
				DEAD_CODE_STRIPPING = YES;
				DEBUG_INFORMATION_FORMAT = dwarf;
				DEVELOPMENT_TEAM = "";
				ENABLE_STRICT_OBJC_MSGSEND = YES;
				ENABLE_TESTABILITY = YES;
				GCC_C_LANGUAGE_STANDARD = gnu11;
				GCC_DYNAMIC_NO_PIC = NO;
				GCC_NO_COMMON_BLOCKS = YES;
				GCC_OPTIMIZATION_LEVEL = 0;
				GCC_PREPROCESSOR_DEFINITIONS = (
					"DEBUG=1",
					"MODULE_VERSION=$(MODULE_VERSION)",
					"PRODUCT_NAME=$(PRODUCT_NAME)",
					"$(inherited)",
				);
				GCC_WARN_64_TO_32_BIT_CONVERSION = YES;
				GCC_WARN_ABOUT_RETURN_TYPE = YES_ERROR;
				GCC_WARN_UNDECLARED_SELECTOR = YES;
				GCC_WARN_UNINITIALIZED_AUTOS = YES_AGGRESSIVE;
				GCC_WARN_UNUSED_FUNCTION = YES;
				GCC_WARN_UNUSED_VARIABLE = YES;
				GENERATE_INFOPLIST_FILE = NO;
				HEADER_SEARCH_PATHS = (
					"${PROJECT_DIR}/Lilu.kext/Contents/Resources",
					"${PROJECT_DIR}/VirtualSMC.kext/Contents/Resources",
					"$(PROJECT_DIR)/MacKernelSDK/Headers",
				);
				INFOPLIST_FILE = WMI/Info.plist;
				INFOPLIST_KEY_NSHumanReadableCopyright = "";
				KERNEL_EXTENSION_HEADER_SEARCH_PATHS = "$(PROJECT_DIR)/MacKernelSDK/Headers";
				KERNEL_FRAMEWORK_HEADERS = "$(PROJECT_DIR)/MacKernelSDK/Headers";
				LIBRARY_SEARCH_PATHS = "$(PROJECT_DIR)/MacKernelSDK/Library/x86_64";
				MACOSX_DEPLOYMENT_TARGET = 10.15;
				MARKETING_VERSION = 1.0;
				MODULE_NAME = com.sieskei.ROG.WMI;
				MODULE_START = "$(PRODUCT_NAME)_kern_start";
				MODULE_STOP = "$(PRODUCT_NAME)_kern_start";
				MODULE_VERSION = 1.0.0d1;
				MTL_ENABLE_DEBUG_INFO = INCLUDE_SOURCE;
				MTL_FAST_MATH = YES;
				ONLY_ACTIVE_ARCH = YES;
				OTHER_CFLAGS = (
					"-Wextra",
					"-Wall",
				);
				PRODUCT_BUNDLE_IDENTIFIER = "com.sieskei.ROG-WMI";
				PRODUCT_NAME = "$(TARGET_NAME)";
				PROVISIONING_PROFILE_SPECIFIER = "";
				RUN_CLANG_STATIC_ANALYZER = YES;
				SDKROOT = macosx;
				SWIFT_COMPILATION_MODE = singlefile;
				SWIFT_EMIT_LOC_STRINGS = YES;
				WRAPPER_EXTENSION = kext;
			};
			name = Debug;
		};
		71BEABB82AA8C268002F34CB /* Release */ = {
			isa = XCBuildConfiguration;
			buildSettings = {
				ALWAYS_SEARCH_USER_PATHS = NO;
				ARCHS = x86_64;
				CLANG_ANALYZER_NONNULL = YES;
				CLANG_ANALYZER_NUMBER_OBJECT_CONVERSION = YES_AGGRESSIVE;
				CLANG_CXX_LANGUAGE_STANDARD = "gnu++20";
				CLANG_CXX_LIBRARY = "libc++";
				CLANG_ENABLE_MODULES = YES;
				CLANG_ENABLE_OBJC_ARC = YES;
				CLANG_ENABLE_OBJC_WEAK = YES;
				CLANG_WARN_BLOCK_CAPTURE_AUTORELEASING = YES;
				CLANG_WARN_BOOL_CONVERSION = YES;
				CLANG_WARN_COMMA = YES;
				CLANG_WARN_CONSTANT_CONVERSION = YES;
				CLANG_WARN_DEPRECATED_OBJC_IMPLEMENTATIONS = YES;
				CLANG_WARN_DIRECT_OBJC_ISA_USAGE = YES_ERROR;
				CLANG_WARN_DOCUMENTATION_COMMENTS = YES;
				CLANG_WARN_EMPTY_BODY = YES;
				CLANG_WARN_ENUM_CONVERSION = YES;
				CLANG_WARN_INFINITE_RECURSION = YES;
				CLANG_WARN_INT_CONVERSION = YES;
				CLANG_WARN_NON_LITERAL_NULL_CONVERSION = YES;
				CLANG_WARN_OBJC_IMPLICIT_RETAIN_SELF = YES;
				CLANG_WARN_OBJC_LITERAL_CONVERSION = YES;
				CLANG_WARN_OBJC_ROOT_CLASS = YES_ERROR;
				CLANG_WARN_QUOTED_INCLUDE_IN_FRAMEWORK_HEADER = YES;
				CLANG_WARN_RANGE_LOOP_ANALYSIS = YES;
				CLANG_WARN_STRICT_PROTOTYPES = YES;
				CLANG_WARN_SUSPICIOUS_MOVE = YES;
				CLANG_WARN_UNGUARDED_AVAILABILITY = YES_AGGRESSIVE;
				CLANG_WARN_UNREACHABLE_CODE = YES;
				CLANG_WARN__DUPLICATE_METHOD_MATCH = YES;
				"CODE_SIGN_IDENTITY[sdk=macosx*]" = "-";
				CODE_SIGN_STYLE = Manual;
				COPY_PHASE_STRIP = NO;
				CURRENT_PROJECT_VERSION = 1;
				DEAD_CODE_STRIPPING = YES;
				DEBUG_INFORMATION_FORMAT = "dwarf-with-dsym";
				DEVELOPMENT_TEAM = "";
				ENABLE_NS_ASSERTIONS = NO;
				ENABLE_STRICT_OBJC_MSGSEND = YES;
				GCC_C_LANGUAGE_STANDARD = gnu11;
				GCC_NO_COMMON_BLOCKS = YES;
				GCC_PREPROCESSOR_DEFINITIONS = (
					"MODULE_VERSION=$(MODULE_VERSION)",
					"PRODUCT_NAME=$(PRODUCT_NAME)",
					"$(inherited)",
				);
				GCC_WARN_64_TO_32_BIT_CONVERSION = YES;
				GCC_WARN_ABOUT_RETURN_TYPE = YES_ERROR;
				GCC_WARN_UNDECLARED_SELECTOR = YES;
				GCC_WARN_UNINITIALIZED_AUTOS = YES_AGGRESSIVE;
				GCC_WARN_UNUSED_FUNCTION = YES;
				GCC_WARN_UNUSED_VARIABLE = YES;
				GENERATE_INFOPLIST_FILE = NO;
				HEADER_SEARCH_PATHS = (
					"${PROJECT_DIR}/Lilu.kext/Contents/Resources",
					"${PROJECT_DIR}/VirtualSMC.kext/Contents/Resources",
					"$(PROJECT_DIR)/MacKernelSDK/Headers",
				);
				INFOPLIST_FILE = WMI/Info.plist;
				INFOPLIST_KEY_NSHumanReadableCopyright = "";
				KERNEL_EXTENSION_HEADER_SEARCH_PATHS = "$(PROJECT_DIR)/MacKernelSDK/Headers";
				KERNEL_FRAMEWORK_HEADERS = "$(PROJECT_DIR)/MacKernelSDK/Headers";
				LIBRARY_SEARCH_PATHS = "$(PROJECT_DIR)/MacKernelSDK/Library/x86_64";
				MACOSX_DEPLOYMENT_TARGET = 10.15;
				MARKETING_VERSION = 1.0;
				MODULE_NAME = com.sieskei.ROG.WMI;
				MODULE_START = "$(PRODUCT_NAME)_kern_start";
				MODULE_STOP = "$(PRODUCT_NAME)_kern_start";
				MODULE_VERSION = 1.0.0d1;
				MTL_ENABLE_DEBUG_INFO = NO;
				MTL_FAST_MATH = YES;
				OTHER_CFLAGS = (
					"-Wextra",
					"-Wall",
				);
				PRODUCT_BUNDLE_IDENTIFIER = "com.sieskei.ROG-WMI";
				PRODUCT_NAME = "$(TARGET_NAME)";
				PROVISIONING_PROFILE_SPECIFIER = "";
				RUN_CLANG_STATIC_ANALYZER = YES;
				SDKROOT = macosx;
				SWIFT_COMPILATION_MODE = wholemodule;
				SWIFT_EMIT_LOC_STRINGS = YES;
				WRAPPER_EXTENSION = kext;
			};
			name = Release;
		};
		71D690032AA7D01A00DEA696 /* Debug */ = {
			isa = XCBuildConfiguration;
			buildSettings = {
				MACOSX_DEPLOYMENT_TARGET = 11.0;
			};
			name = Debug;
		};
		71D690042AA7D01A00DEA696 /* Release */ = {
			isa = XCBuildConfiguration;
			buildSettings = {
				MACOSX_DEPLOYMENT_TARGET = 11.0;
			};
			name = Release;
		};
		71E93B092AA9176C003DBB97 /* Debug */ = {
			isa = XCBuildConfiguration;
			buildSettings = {
				ALWAYS_SEARCH_USER_PATHS = NO;
				ASSETCATALOG_COMPILER_APPICON_NAME = AppIcon;
				ASSETCATALOG_COMPILER_GLOBAL_ACCENT_COLOR_NAME = AccentColor;
				CLANG_ANALYZER_NONNULL = YES;
				CLANG_ANALYZER_NUMBER_OBJECT_CONVERSION = YES_AGGRESSIVE;
				CLANG_CXX_LANGUAGE_STANDARD = "gnu++20";
				CLANG_ENABLE_MODULES = YES;
				CLANG_ENABLE_OBJC_ARC = YES;
				CLANG_ENABLE_OBJC_WEAK = YES;
				CLANG_WARN_BLOCK_CAPTURE_AUTORELEASING = YES;
				CLANG_WARN_BOOL_CONVERSION = YES;
				CLANG_WARN_COMMA = YES;
				CLANG_WARN_CONSTANT_CONVERSION = YES;
				CLANG_WARN_DEPRECATED_OBJC_IMPLEMENTATIONS = YES;
				CLANG_WARN_DIRECT_OBJC_ISA_USAGE = YES_ERROR;
				CLANG_WARN_DOCUMENTATION_COMMENTS = YES;
				CLANG_WARN_EMPTY_BODY = YES;
				CLANG_WARN_ENUM_CONVERSION = YES;
				CLANG_WARN_INFINITE_RECURSION = YES;
				CLANG_WARN_INT_CONVERSION = YES;
				CLANG_WARN_NON_LITERAL_NULL_CONVERSION = YES;
				CLANG_WARN_OBJC_IMPLICIT_RETAIN_SELF = YES;
				CLANG_WARN_OBJC_LITERAL_CONVERSION = YES;
				CLANG_WARN_OBJC_ROOT_CLASS = YES_ERROR;
				CLANG_WARN_QUOTED_INCLUDE_IN_FRAMEWORK_HEADER = YES;
				CLANG_WARN_RANGE_LOOP_ANALYSIS = YES;
				CLANG_WARN_STRICT_PROTOTYPES = YES;
				CLANG_WARN_SUSPICIOUS_MOVE = YES;
				CLANG_WARN_UNGUARDED_AVAILABILITY = YES_AGGRESSIVE;
				CLANG_WARN_UNREACHABLE_CODE = YES;
				CLANG_WARN__DUPLICATE_METHOD_MATCH = YES;
				CODE_SIGN_ENTITLEMENTS = Gadget/Gadget.entitlements;
				CODE_SIGN_STYLE = Automatic;
				COMBINE_HIDPI_IMAGES = YES;
				COPY_PHASE_STRIP = NO;
				CURRENT_PROJECT_VERSION = 1;
				DEBUG_INFORMATION_FORMAT = dwarf;
				ENABLE_STRICT_OBJC_MSGSEND = YES;
				ENABLE_TESTABILITY = YES;
				GCC_C_LANGUAGE_STANDARD = gnu11;
				GCC_DYNAMIC_NO_PIC = NO;
				GCC_NO_COMMON_BLOCKS = YES;
				GCC_OPTIMIZATION_LEVEL = 0;
				GCC_PREPROCESSOR_DEFINITIONS = (
					"DEBUG=1",
					"$(inherited)",
				);
				GCC_WARN_64_TO_32_BIT_CONVERSION = YES;
				GCC_WARN_ABOUT_RETURN_TYPE = YES_ERROR;
				GCC_WARN_UNDECLARED_SELECTOR = YES;
				GCC_WARN_UNINITIALIZED_AUTOS = YES_AGGRESSIVE;
				GCC_WARN_UNUSED_FUNCTION = YES;
				GCC_WARN_UNUSED_VARIABLE = YES;
				GENERATE_INFOPLIST_FILE = YES;
				INFOPLIST_KEY_NSHumanReadableCopyright = "";
				INFOPLIST_KEY_NSMainStoryboardFile = "";
				INFOPLIST_KEY_NSPrincipalClass = NSApplication;
				LD_RUNPATH_SEARCH_PATHS = (
					"$(inherited)",
					"@executable_path/../Frameworks",
				);
				MACOSX_DEPLOYMENT_TARGET = 13.3;
				MARKETING_VERSION = 1.0;
				MTL_ENABLE_DEBUG_INFO = INCLUDE_SOURCE;
				MTL_FAST_MATH = YES;
				ONLY_ACTIVE_ARCH = YES;
				PRODUCT_BUNDLE_IDENTIFIER = "com.sieskei.ROG-Gadget";
				PRODUCT_NAME = "ROG-$(TARGET_NAME)";
				SDKROOT = macosx;
				SWIFT_ACTIVE_COMPILATION_CONDITIONS = DEBUG;
				SWIFT_EMIT_LOC_STRINGS = YES;
				SWIFT_OBJC_BRIDGING_HEADER = "Gadget/Gadget-Bridging-Header.h";
				SWIFT_OPTIMIZATION_LEVEL = "-Onone";
				SWIFT_VERSION = 5.0;
			};
			name = Debug;
		};
		71E93B0A2AA9176C003DBB97 /* Release */ = {
			isa = XCBuildConfiguration;
			buildSettings = {
				ALWAYS_SEARCH_USER_PATHS = NO;
				ASSETCATALOG_COMPILER_APPICON_NAME = AppIcon;
				ASSETCATALOG_COMPILER_GLOBAL_ACCENT_COLOR_NAME = AccentColor;
				CLANG_ANALYZER_NONNULL = YES;
				CLANG_ANALYZER_NUMBER_OBJECT_CONVERSION = YES_AGGRESSIVE;
				CLANG_CXX_LANGUAGE_STANDARD = "gnu++20";
				CLANG_ENABLE_MODULES = YES;
				CLANG_ENABLE_OBJC_ARC = YES;
				CLANG_ENABLE_OBJC_WEAK = YES;
				CLANG_WARN_BLOCK_CAPTURE_AUTORELEASING = YES;
				CLANG_WARN_BOOL_CONVERSION = YES;
				CLANG_WARN_COMMA = YES;
				CLANG_WARN_CONSTANT_CONVERSION = YES;
				CLANG_WARN_DEPRECATED_OBJC_IMPLEMENTATIONS = YES;
				CLANG_WARN_DIRECT_OBJC_ISA_USAGE = YES_ERROR;
				CLANG_WARN_DOCUMENTATION_COMMENTS = YES;
				CLANG_WARN_EMPTY_BODY = YES;
				CLANG_WARN_ENUM_CONVERSION = YES;
				CLANG_WARN_INFINITE_RECURSION = YES;
				CLANG_WARN_INT_CONVERSION = YES;
				CLANG_WARN_NON_LITERAL_NULL_CONVERSION = YES;
				CLANG_WARN_OBJC_IMPLICIT_RETAIN_SELF = YES;
				CLANG_WARN_OBJC_LITERAL_CONVERSION = YES;
				CLANG_WARN_OBJC_ROOT_CLASS = YES_ERROR;
				CLANG_WARN_QUOTED_INCLUDE_IN_FRAMEWORK_HEADER = YES;
				CLANG_WARN_RANGE_LOOP_ANALYSIS = YES;
				CLANG_WARN_STRICT_PROTOTYPES = YES;
				CLANG_WARN_SUSPICIOUS_MOVE = YES;
				CLANG_WARN_UNGUARDED_AVAILABILITY = YES_AGGRESSIVE;
				CLANG_WARN_UNREACHABLE_CODE = YES;
				CLANG_WARN__DUPLICATE_METHOD_MATCH = YES;
				CODE_SIGN_ENTITLEMENTS = Gadget/Gadget.entitlements;
				CODE_SIGN_STYLE = Automatic;
				COMBINE_HIDPI_IMAGES = YES;
				COPY_PHASE_STRIP = NO;
				CURRENT_PROJECT_VERSION = 1;
				DEBUG_INFORMATION_FORMAT = "dwarf-with-dsym";
				ENABLE_NS_ASSERTIONS = NO;
				ENABLE_STRICT_OBJC_MSGSEND = YES;
				GCC_C_LANGUAGE_STANDARD = gnu11;
				GCC_NO_COMMON_BLOCKS = YES;
				GCC_WARN_64_TO_32_BIT_CONVERSION = YES;
				GCC_WARN_ABOUT_RETURN_TYPE = YES_ERROR;
				GCC_WARN_UNDECLARED_SELECTOR = YES;
				GCC_WARN_UNINITIALIZED_AUTOS = YES_AGGRESSIVE;
				GCC_WARN_UNUSED_FUNCTION = YES;
				GCC_WARN_UNUSED_VARIABLE = YES;
				GENERATE_INFOPLIST_FILE = YES;
				INFOPLIST_KEY_NSHumanReadableCopyright = "";
				INFOPLIST_KEY_NSMainStoryboardFile = "";
				INFOPLIST_KEY_NSPrincipalClass = NSApplication;
				LD_RUNPATH_SEARCH_PATHS = (
					"$(inherited)",
					"@executable_path/../Frameworks",
				);
				MACOSX_DEPLOYMENT_TARGET = 13.3;
				MARKETING_VERSION = 1.0;
				MTL_ENABLE_DEBUG_INFO = NO;
				MTL_FAST_MATH = YES;
				PRODUCT_BUNDLE_IDENTIFIER = "com.sieskei.ROG-Gadget";
				PRODUCT_NAME = "ROG-$(TARGET_NAME)";
				SDKROOT = macosx;
				SWIFT_COMPILATION_MODE = wholemodule;
				SWIFT_EMIT_LOC_STRINGS = YES;
				SWIFT_OBJC_BRIDGING_HEADER = "Gadget/Gadget-Bridging-Header.h";
				SWIFT_OPTIMIZATION_LEVEL = "-O";
				SWIFT_VERSION = 5.0;
			};
			name = Release;
		};
/* End XCBuildConfiguration section */

/* Begin XCConfigurationList section */
		7122ED222AA8D6F700B7F38D /* Build configuration list for PBXNativeTarget "HID-Driver" */ = {
			isa = XCConfigurationList;
			buildConfigurations = (
				7122ED232AA8D6F700B7F38D /* Debug */,
				7122ED242AA8D6F700B7F38D /* Release */,
			);
			defaultConfigurationIsVisible = 0;
			defaultConfigurationName = Release;
		};
		7171A1862AA908DE000AA425 /* Build configuration list for PBXNativeTarget "HID-Installer" */ = {
			isa = XCConfigurationList;
			buildConfigurations = (
				7171A1842AA908DE000AA425 /* Debug */,
				7171A1852AA908DE000AA425 /* Release */,
			);
			defaultConfigurationIsVisible = 0;
			defaultConfigurationName = Release;
		};
		71BEABB92AA8C268002F34CB /* Build configuration list for PBXNativeTarget "WMI" */ = {
			isa = XCConfigurationList;
			buildConfigurations = (
				71BEABB72AA8C268002F34CB /* Debug */,
				71BEABB82AA8C268002F34CB /* Release */,
			);
			defaultConfigurationIsVisible = 0;
			defaultConfigurationName = Release;
		};
		71D690022AA7D01A00DEA696 /* Build configuration list for PBXProject "ROG" */ = {
			isa = XCConfigurationList;
			buildConfigurations = (
				71D690032AA7D01A00DEA696 /* Debug */,
				71D690042AA7D01A00DEA696 /* Release */,
			);
			defaultConfigurationIsVisible = 0;
			defaultConfigurationName = Release;
		};
		71E93B0B2AA9176C003DBB97 /* Build configuration list for PBXNativeTarget "Gadget" */ = {
			isa = XCConfigurationList;
			buildConfigurations = (
				71E93B092AA9176C003DBB97 /* Debug */,
				71E93B0A2AA9176C003DBB97 /* Release */,
			);
			defaultConfigurationIsVisible = 0;
			defaultConfigurationName = Release;
		};
/* End XCConfigurationList section */
	};
	rootObject = 71D68FFF2AA7D01A00DEA696 /* Project object */;
}
